
Microsoft Visual Studio Solution File, Format Version 12.00
# Visual Studio 2013
VisualStudioVersion = 12.0.31101.0
MinimumVisualStudioVersion = 10.0.40219.1
Project("{FAE04EC0-301F-11D3-BF4B-00C04F79EFBC}") = "IntroMvc3", "IntroMvc3\IntroMvc3.csproj", "{EC177DFE-7498-428F-AE06-010B91C73391}"
EndProject
Project("{FAE04EC0-301F-11D3-BF4B-00C04F79EFBC}") = "IntroMvc3.Tests", "IntroMvc3.Tests\IntroMvc3.Tests.csproj", "{2C119124-EDC6-4E05-99B7-0B5557DBD660}"
EndProject
Project("{FAE04EC0-301F-11D3-BF4B-00C04F79EFBC}") = "WebDevQuickStart", "WebDevQuickStart\WebDevQuickStart.csproj", "{F38C615B-6682-4D29-A557-A2DD8562AA4B}"
EndProject
Project("{FAE04EC0-301F-11D3-BF4B-00C04F79EFBC}") = "WebDevQuickStart.Tests", "WebDevQuickStart.Tests\WebDevQuickStart.Tests.csproj", "{159E832E-9261-47CA-B372-23CF29D918E5}"
EndProject
Global
	GlobalSection(SolutionConfigurationPlatforms) = preSolution
		Debug|Any CPU = Debug|Any CPU
		Release|Any CPU = Release|Any CPU
	EndGlobalSection
	GlobalSection(ProjectConfigurationPlatforms) = postSolution
		{EC177DFE-7498-428F-AE06-010B91C73391}.Debug|Any CPU.ActiveCfg = Debug|Any CPU
		{EC177DFE-7498-428F-AE06-010B91C73391}.Debug|Any CPU.Build.0 = Debug|Any CPU
		{EC177DFE-7498-428F-AE06-010B91C73391}.Release|Any CPU.ActiveCfg = Release|Any CPU
		{EC177DFE-7498-428F-AE06-010B91C73391}.Release|Any CPU.Build.0 = Release|Any CPU
		{2C119124-EDC6-4E05-99B7-0B5557DBD660}.Debug|Any CPU.ActiveCfg = Debug|Any CPU
		{2C119124-EDC6-4E05-99B7-0B5557DBD660}.Debug|Any CPU.Build.0 = Debug|Any CPU
		{2C119124-EDC6-4E05-99B7-0B5557DBD660}.Release|Any CPU.ActiveCfg = Release|Any CPU
		{2C119124-EDC6-4E05-99B7-0B5557DBD660}.Release|Any CPU.Build.0 = Release|Any CPU
		{F38C615B-6682-4D29-A557-A2DD8562AA4B}.Debug|Any CPU.ActiveCfg = Debug|Any CPU
		{F38C615B-6682-4D29-A557-A2DD8562AA4B}.Debug|Any CPU.Build.0 = Debug|Any CPU
		{F38C615B-6682-4D29-A557-A2DD8562AA4B}.Release|Any CPU.ActiveCfg = Release|Any CPU
		{F38C615B-6682-4D29-A557-A2DD8562AA4B}.Release|Any CPU.Build.0 = Release|Any CPU
		{159E832E-9261-47CA-B372-23CF29D918E5}.Debug|Any CPU.ActiveCfg = Debug|Any CPU
		{159E832E-9261-47CA-B372-23CF29D918E5}.Debug|Any CPU.Build.0 = Debug|Any CPU
		{159E832E-9261-47CA-B372-23CF29D918E5}.Release|Any CPU.ActiveCfg = Release|Any CPU
		{159E832E-9261-47CA-B372-23CF29D918E5}.Release|Any CPU.Build.0 = Release|Any CPU
	EndGlobalSection
	GlobalSection(SolutionProperties) = preSolution
		HideSolutionNode = FALSE
	EndGlobalSection
EndGlobal
